
Microsoft Visual Studio Solution File, Format Version 12.00
# Visual Studio Version 17
VisualStudioVersion = 17.3.32929.385
MinimumVisualStudioVersion = 10.0.40219.1
Project("{2150E333-8FDC-42A3-9474-1A3956D46DE8}") = "src", "src", "{984D9870-8C90-4ABD-A099-61622CFFD36B}"
EndProject
Project("{2150E333-8FDC-42A3-9474-1A3956D46DE8}") = "tests", "tests", "{5920050C-CE25-489B-8B6E-F352CAD1BD33}"
EndProject
Project("{9A19103F-16F7-4668-BE54-9A1E7A4F7556}") = "API", "src\API\API.csproj", "{ADC1702A-786C-4752-A137-2A32858EBA24}"
EndProject
Project("{9A19103F-16F7-4668-BE54-9A1E7A4F7556}") = "Application", "src\Application\Application.csproj", "{CAEAA1B2-781F-4A0A-B29C-1603FEE6B7B6}"
EndProject
Project("{9A19103F-16F7-4668-BE54-9A1E7A4F7556}") = "Domain", "src\Domain\Domain.csproj", "{D73F57D1-416F-4392-B7A4-98840754F6AF}"
EndProject
Project("{9A19103F-16F7-4668-BE54-9A1E7A4F7556}") = "Infrastructure", "src\Infrastructure\Infrastructure.csproj", "{61657D36-5047-44B5-94E7-7DA277DB11B2}"
EndProject
Project("{9A19103F-16F7-4668-BE54-9A1E7A4F7556}") = "Application.IntegrationTests", "tests\Application.IntegrationTests\Application.IntegrationTests.csproj", "{F5E61FFF-C8C9-4710-979B-ABA0750A7909}"
EndProject
Project("{9A19103F-16F7-4668-BE54-9A1E7A4F7556}") = "Application.UnitTests", "tests\Application.UnitTests\Application.UnitTests.csproj", "{F049877D-2FB0-4A2B-BACF-E7FECD9253E5}"
EndProject
Global
	GlobalSection(SolutionConfigurationPlatforms) = preSolution
		Debug|Any CPU = Debug|Any CPU
		Release|Any CPU = Release|Any CPU
	EndGlobalSection
	GlobalSection(ProjectConfigurationPlatforms) = postSolution
		{ADC1702A-786C-4752-A137-2A32858EBA24}.Debug|Any CPU.ActiveCfg = Debug|Any CPU
		{ADC1702A-786C-4752-A137-2A32858EBA24}.Debug|Any CPU.Build.0 = Debug|Any CPU
		{ADC1702A-786C-4752-A137-2A32858EBA24}.Release|Any CPU.ActiveCfg = Release|Any CPU
		{ADC1702A-786C-4752-A137-2A32858EBA24}.Release|Any CPU.Build.0 = Release|Any CPU
		{CAEAA1B2-781F-4A0A-B29C-1603FEE6B7B6}.Debug|Any CPU.ActiveCfg = Debug|Any CPU
		{CAEAA1B2-781F-4A0A-B29C-1603FEE6B7B6}.Debug|Any CPU.Build.0 = Debug|Any CPU
		{CAEAA1B2-781F-4A0A-B29C-1603FEE6B7B6}.Release|Any CPU.ActiveCfg = Release|Any CPU
		{CAEAA1B2-781F-4A0A-B29C-1603FEE6B7B6}.Release|Any CPU.Build.0 = Release|Any CPU
		{D73F57D1-416F-4392-B7A4-98840754F6AF}.Debug|Any CPU.ActiveCfg = Debug|Any CPU
		{D73F57D1-416F-4392-B7A4-98840754F6AF}.Debug|Any CPU.Build.0 = Debug|Any CPU
		{D73F57D1-416F-4392-B7A4-98840754F6AF}.Release|Any CPU.ActiveCfg = Release|Any CPU
		{D73F57D1-416F-4392-B7A4-98840754F6AF}.Release|Any CPU.Build.0 = Release|Any CPU
		{61657D36-5047-44B5-94E7-7DA277DB11B2}.Debug|Any CPU.ActiveCfg = Debug|Any CPU
		{61657D36-5047-44B5-94E7-7DA277DB11B2}.Debug|Any CPU.Build.0 = Debug|Any CPU
		{61657D36-5047-44B5-94E7-7DA277DB11B2}.Release|Any CPU.ActiveCfg = Release|Any CPU
		{61657D36-5047-44B5-94E7-7DA277DB11B2}.Release|Any CPU.Build.0 = Release|Any CPU
		{F5E61FFF-C8C9-4710-979B-ABA0750A7909}.Debug|Any CPU.ActiveCfg = Debug|Any CPU
		{F5E61FFF-C8C9-4710-979B-ABA0750A7909}.Debug|Any CPU.Build.0 = Debug|Any CPU
		{F5E61FFF-C8C9-4710-979B-ABA0750A7909}.Release|Any CPU.ActiveCfg = Release|Any CPU
		{F5E61FFF-C8C9-4710-979B-ABA0750A7909}.Release|Any CPU.Build.0 = Release|Any CPU
		{F049877D-2FB0-4A2B-BACF-E7FECD9253E5}.Debug|Any CPU.ActiveCfg = Debug|Any CPU
		{F049877D-2FB0-4A2B-BACF-E7FECD9253E5}.Debug|Any CPU.Build.0 = Debug|Any CPU
		{F049877D-2FB0-4A2B-BACF-E7FECD9253E5}.Release|Any CPU.ActiveCfg = Release|Any CPU
		{F049877D-2FB0-4A2B-BACF-E7FECD9253E5}.Release|Any CPU.Build.0 = Release|Any CPU
	EndGlobalSection
	GlobalSection(SolutionProperties) = preSolution
		HideSolutionNode = FALSE
	EndGlobalSection
	GlobalSection(NestedProjects) = preSolution
		{ADC1702A-786C-4752-A137-2A32858EBA24} = {984D9870-8C90-4ABD-A099-61622CFFD36B}
		{CAEAA1B2-781F-4A0A-B29C-1603FEE6B7B6} = {984D9870-8C90-4ABD-A099-61622CFFD36B}
		{D73F57D1-416F-4392-B7A4-98840754F6AF} = {984D9870-8C90-4ABD-A099-61622CFFD36B}
		{61657D36-5047-44B5-94E7-7DA277DB11B2} = {984D9870-8C90-4ABD-A099-61622CFFD36B}
		{F5E61FFF-C8C9-4710-979B-ABA0750A7909} = {5920050C-CE25-489B-8B6E-F352CAD1BD33}
		{F049877D-2FB0-4A2B-BACF-E7FECD9253E5} = {5920050C-CE25-489B-8B6E-F352CAD1BD33}
	EndGlobalSection
	GlobalSection(ExtensibilityGlobals) = postSolution
		SolutionGuid = {1B9C5D11-3107-4346-8779-65FD973FDD9A}
	EndGlobalSection
EndGlobal
